
Microsoft Visual Studio Solution File, Format Version 12.00
# Visual Studio Version 17
VisualStudioVersion = 17.3.32811.315
MinimumVisualStudioVersion = 10.0.40219.1
Project("{FAE04EC0-301F-11D3-BF4B-00C04F79EFBC}") = "cadastroFuncionario", "CadastroFuncionario\cadastroFuncionario.csproj", "{55983444-ABC5-4BC5-B34E-F733A167A810}"
EndProject
Global
	GlobalSection(SolutionConfigurationPlatforms) = preSolution
		Debug|Any CPU = Debug|Any CPU
		Release|Any CPU = Release|Any CPU
	EndGlobalSection
	GlobalSection(ProjectConfigurationPlatforms) = postSolution
		{55983444-ABC5-4BC5-B34E-F733A167A810}.Debug|Any CPU.ActiveCfg = Debug|Any CPU
		{55983444-ABC5-4BC5-B34E-F733A167A810}.Debug|Any CPU.Build.0 = Debug|Any CPU
		{55983444-ABC5-4BC5-B34E-F733A167A810}.Release|Any CPU.ActiveCfg = Release|Any CPU
		{55983444-ABC5-4BC5-B34E-F733A167A810}.Release|Any CPU.Build.0 = Release|Any CPU
	EndGlobalSection
	GlobalSection(SolutionProperties) = preSolution
		HideSolutionNode = FALSE
	EndGlobalSection
	GlobalSection(ExtensibilityGlobals) = postSolution
		SolutionGuid = {55A6CBC4-D5BC-4EED-A3A1-98616B7644BA}
	EndGlobalSection
EndGlobal
